
Microsoft Visual Studio Solution File, Format Version 12.00
# Visual Studio Version 17
VisualStudioVersion = 17.7.34009.444
MinimumVisualStudioVersion = 10.0.40219.1
Project("{FAE04EC0-301F-11D3-BF4B-00C04F79EFBC}") = "HeapSort", "HeapSort\HeapSort.csproj", "{B9CF01CB-D220-4C83-BE00-201CCAAE1B13}"
EndProject
Global
	GlobalSection(SolutionConfigurationPlatforms) = preSolution
		Debug|Any CPU = Debug|Any CPU
		Release|Any CPU = Release|Any CPU
	EndGlobalSection
	GlobalSection(ProjectConfigurationPlatforms) = postSolution
		{B9CF01CB-D220-4C83-BE00-201CCAAE1B13}.Debug|Any CPU.ActiveCfg = Debug|Any CPU
		{B9CF01CB-D220-4C83-BE00-201CCAAE1B13}.Debug|Any CPU.Build.0 = Debug|Any CPU
		{B9CF01CB-D220-4C83-BE00-201CCAAE1B13}.Release|Any CPU.ActiveCfg = Release|Any CPU
		{B9CF01CB-D220-4C83-BE00-201CCAAE1B13}.Release|Any CPU.Build.0 = Release|Any CPU
	EndGlobalSection
	GlobalSection(SolutionProperties) = preSolution
		HideSolutionNode = FALSE
	EndGlobalSection
	GlobalSection(ExtensibilityGlobals) = postSolution
		SolutionGuid = {CB69FDCE-F957-4D16-9715-224264E19A45}
	EndGlobalSection
EndGlobal
